
Microsoft Visual Studio Solution File, Format Version 12.00
# Visual Studio Version 16
VisualStudioVersion = 16.0.31229.75
MinimumVisualStudioVersion = 10.0.40219.1
Project("{FAE04EC0-301F-11D3-BF4B-00C04F79EFBC}") = "Teaport", "Teaport\Teaport.csproj", "{BF3391BD-A838-4952-A861-C2FAD3B8A4E9}"
EndProject
Global
	GlobalSection(SolutionConfigurationPlatforms) = preSolution
		Debug|Any CPU = Debug|Any CPU
		Release|Any CPU = Release|Any CPU
	EndGlobalSection
	GlobalSection(ProjectConfigurationPlatforms) = postSolution
		{BF3391BD-A838-4952-A861-C2FAD3B8A4E9}.Debug|Any CPU.ActiveCfg = Debug|Any CPU
		{BF3391BD-A838-4952-A861-C2FAD3B8A4E9}.Debug|Any CPU.Build.0 = Debug|Any CPU
		{BF3391BD-A838-4952-A861-C2FAD3B8A4E9}.Release|Any CPU.ActiveCfg = Release|Any CPU
		{BF3391BD-A838-4952-A861-C2FAD3B8A4E9}.Release|Any CPU.Build.0 = Release|Any CPU
	EndGlobalSection
	GlobalSection(SolutionProperties) = preSolution
		HideSolutionNode = FALSE
	EndGlobalSection
	GlobalSection(ExtensibilityGlobals) = postSolution
		SolutionGuid = {C5CCB249-7F2B-466F-82B3-624C6A499B1F}
	EndGlobalSection
EndGlobal
